
Microsoft Visual Studio Solution File, Format Version 12.00
# Visual Studio Version 17
VisualStudioVersion = 17.9.34723.18
MinimumVisualStudioVersion = 10.0.40219.1
Project("{FAE04EC0-301F-11D3-BF4B-00C04F79EFBC}") = "CinemaInterface", "CinemaInterface\CinemaInterface.csproj", "{0AB5BB08-DBB0-40C8-87AF-5EEA16422CA1}"
EndProject
Global
	GlobalSection(SolutionConfigurationPlatforms) = preSolution
		Debug|Any CPU = Debug|Any CPU
		Release|Any CPU = Release|Any CPU
	EndGlobalSection
	GlobalSection(ProjectConfigurationPlatforms) = postSolution
		{0AB5BB08-DBB0-40C8-87AF-5EEA16422CA1}.Debug|Any CPU.ActiveCfg = Debug|Any CPU
		{0AB5BB08-DBB0-40C8-87AF-5EEA16422CA1}.Debug|Any CPU.Build.0 = Debug|Any CPU
		{0AB5BB08-DBB0-40C8-87AF-5EEA16422CA1}.Release|Any CPU.ActiveCfg = Release|Any CPU
		{0AB5BB08-DBB0-40C8-87AF-5EEA16422CA1}.Release|Any CPU.Build.0 = Release|Any CPU
	EndGlobalSection
	GlobalSection(SolutionProperties) = preSolution
		HideSolutionNode = FALSE
	EndGlobalSection
	GlobalSection(ExtensibilityGlobals) = postSolution
		SolutionGuid = {8D25262E-EEC1-4C76-8EA3-B2BE39A11516}
	EndGlobalSection
EndGlobal
