
Microsoft Visual Studio Solution File, Format Version 12.00
# Visual Studio Version 17
VisualStudioVersion = 17.9.34723.18
MinimumVisualStudioVersion = 10.0.40219.1
Project("{FAE04EC0-301F-11D3-BF4B-00C04F79EFBC}") = "Cinema2", "Cinema2\Cinema2.csproj", "{51E832E1-2A94-404F-87CE-4585F3856A23}"
EndProject
Global
	GlobalSection(SolutionConfigurationPlatforms) = preSolution
		Debug|Any CPU = Debug|Any CPU
		Release|Any CPU = Release|Any CPU
	EndGlobalSection
	GlobalSection(ProjectConfigurationPlatforms) = postSolution
		{51E832E1-2A94-404F-87CE-4585F3856A23}.Debug|Any CPU.ActiveCfg = Debug|Any CPU
		{51E832E1-2A94-404F-87CE-4585F3856A23}.Debug|Any CPU.Build.0 = Debug|Any CPU
		{51E832E1-2A94-404F-87CE-4585F3856A23}.Release|Any CPU.ActiveCfg = Release|Any CPU
		{51E832E1-2A94-404F-87CE-4585F3856A23}.Release|Any CPU.Build.0 = Release|Any CPU
	EndGlobalSection
	GlobalSection(SolutionProperties) = preSolution
		HideSolutionNode = FALSE
	EndGlobalSection
	GlobalSection(ExtensibilityGlobals) = postSolution
		SolutionGuid = {CE7D3AA9-7131-4359-86D7-DF355A5F8BB9}
	EndGlobalSection
EndGlobal
